// !$*UTF8*$!
{
	archiveVersion = 1;
	classes = {
	};
	objectVersion = 50;
	objects = {

/* Begin PBXBuildFile section */
		6CB0CADA23D9C4EC00543354 /* AppDelegate.swift in Sources */ = {isa = PBXBuildFile; fileRef = 6CB0CAD923D9C4EC00543354 /* AppDelegate.swift */; };
		6CB0CADC23D9C4EC00543354 /* SceneDelegate.swift in Sources */ = {isa = PBXBuildFile; fileRef = 6CB0CADB23D9C4EC00543354 /* SceneDelegate.swift */; };
		6CB0CADE23D9C4EC00543354 /* ViewController.swift in Sources */ = {isa = PBXBuildFile; fileRef = 6CB0CADD23D9C4EC00543354 /* ViewController.swift */; };
		6CB0CAE123D9C4EC00543354 /* Main.storyboard in Resources */ = {isa = PBXBuildFile; fileRef = 6CB0CADF23D9C4EC00543354 /* Main.storyboard */; };
		6CB0CAE423D9C4EC00543354 /* CITestProject.xcdatamodeld in Sources */ = {isa = PBXBuildFile; fileRef = 6CB0CAE223D9C4EC00543354 /* CITestProject.xcdatamodeld */; };
		6CB0CAE623D9C4F100543354 /* Assets.xcassets in Resources */ = {isa = PBXBuildFile; fileRef = 6CB0CAE523D9C4F100543354 /* Assets.xcassets */; };
		6CB0CAE923D9C4F100543354 /* LaunchScreen.storyboard in Resources */ = {isa = PBXBuildFile; fileRef = 6CB0CAE723D9C4F100543354 /* LaunchScreen.storyboard */; };
		6CB0CAF423D9C4F100543354 /* CITestProjectTests.swift in Sources */ = {isa = PBXBuildFile; fileRef = 6CB0CAF323D9C4F100543354 /* CITestProjectTests.swift */; };
		6CB0CAFF23D9C4F100543354 /* CITestProjectUITests.swift in Sources */ = {isa = PBXBuildFile; fileRef = 6CB0CAFE23D9C4F100543354 /* CITestProjectUITests.swift */; };
/* End PBXBuildFile section */

/* Begin PBXContainerItemProxy section */
		6CB0CAF023D9C4F100543354 /* PBXContainerItemProxy */ = {
			isa = PBXContainerItemProxy;
			containerPortal = 6CB0CACE23D9C4EC00543354 /* Project object */;
			proxyType = 1;
			remoteGlobalIDString = 6CB0CAD523D9C4EC00543354;
			remoteInfo = CITestProject;
		};
		6CB0CAFB23D9C4F100543354 /* PBXContainerItemProxy */ = {
			isa = PBXContainerItemProxy;
			containerPortal = 6CB0CACE23D9C4EC00543354 /* Project object */;
			proxyType = 1;
			remoteGlobalIDString = 6CB0CAD523D9C4EC00543354;
			remoteInfo = CITestProject;
		};
/* End PBXContainerItemProxy section */

/* Begin PBXFileReference section */
		6CB0CAD623D9C4EC00543354 /* CITestProject.app */ = {isa = PBXFileReference; explicitFileType = wrapper.application; includeInIndex = 0; path = CITestProject.app; sourceTree = BUILT_PRODUCTS_DIR; };
		6CB0CAD923D9C4EC00543354 /* AppDelegate.swift */ = {isa = PBXFileReference; lastKnownFileType = sourcecode.swift; path = AppDelegate.swift; sourceTree = "<group>"; };
		6CB0CADB23D9C4EC00543354 /* SceneDelegate.swift */ = {isa = PBXFileReference; lastKnownFileType = sourcecode.swift; path = SceneDelegate.swift; sourceTree = "<group>"; };
		6CB0CADD23D9C4EC00543354 /* ViewController.swift */ = {isa = PBXFileReference; lastKnownFileType = sourcecode.swift; path = ViewController.swift; sourceTree = "<group>"; };
		6CB0CAE023D9C4EC00543354 /* Base */ = {isa = PBXFileReference; lastKnownFileType = file.storyboard; name = Base; path = Base.lproj/Main.storyboard; sourceTree = "<group>"; };
		6CB0CAE323D9C4EC00543354 /* CITestProject.xcdatamodel */ = {isa = PBXFileReference; lastKnownFileType = wrapper.xcdatamodel; path = CITestProject.xcdatamodel; sourceTree = "<group>"; };
		6CB0CAE523D9C4F100543354 /* Assets.xcassets */ = {isa = PBXFileReference; lastKnownFileType = folder.assetcatalog; path = Assets.xcassets; sourceTree = "<group>"; };
		6CB0CAE823D9C4F100543354 /* Base */ = {isa = PBXFileReference; lastKnownFileType = file.storyboard; name = Base; path = Base.lproj/LaunchScreen.storyboard; sourceTree = "<group>"; };
		6CB0CAEA23D9C4F100543354 /* Info.plist */ = {isa = PBXFileReference; lastKnownFileType = text.plist.xml; path = Info.plist; sourceTree = "<group>"; };
		6CB0CAEF23D9C4F100543354 /* CITestProjectTests.xctest */ = {isa = PBXFileReference; explicitFileType = wrapper.cfbundle; includeInIndex = 0; path = CITestProjectTests.xctest; sourceTree = BUILT_PRODUCTS_DIR; };
		6CB0CAF323D9C4F100543354 /* CITestProjectTests.swift */ = {isa = PBXFileReference; lastKnownFileType = sourcecode.swift; path = CITestProjectTests.swift; sourceTree = "<group>"; };
		6CB0CAF523D9C4F100543354 /* Info.plist */ = {isa = PBXFileReference; lastKnownFileType = text.plist.xml; path = Info.plist; sourceTree = "<group>"; };
		6CB0CAFA23D9C4F100543354 /* CITestProjectUITests.xctest */ = {isa = PBXFileReference; explicitFileType = wrapper.cfbundle; includeInIndex = 0; path = CITestProjectUITests.xctest; sourceTree = BUILT_PRODUCTS_DIR; };
		6CB0CAFE23D9C4F100543354 /* CITestProjectUITests.swift */ = {isa = PBXFileReference; lastKnownFileType = sourcecode.swift; path = CITestProjectUITests.swift; sourceTree = "<group>"; };
		6CB0CB0023D9C4F100543354 /* Info.plist */ = {isa = PBXFileReference; lastKnownFileType = text.plist.xml; path = Info.plist; sourceTree = "<group>"; };
/* End PBXFileReference section */

/* Begin PBXFrameworksBuildPhase section */
		6CB0CAD323D9C4EC00543354 /* Frameworks */ = {
			isa = PBXFrameworksBuildPhase;
			buildActionMask = 2147483647;
			files = (
			);
			runOnlyForDeploymentPostprocessing = 0;
		};
		6CB0CAEC23D9C4F100543354 /* Frameworks */ = {
			isa = PBXFrameworksBuildPhase;
			buildActionMask = 2147483647;
			files = (
			);
			runOnlyForDeploymentPostprocessing = 0;
		};
		6CB0CAF723D9C4F100543354 /* Frameworks */ = {
			isa = PBXFrameworksBuildPhase;
			buildActionMask = 2147483647;
			files = (
			);
			runOnlyForDeploymentPostprocessing = 0;
		};
/* End PBXFrameworksBuildPhase section */

/* Begin PBXGroup section */
		6CB0CACD23D9C4EC00543354 = {
			isa = PBXGroup;
			children = (
				6CB0CAD823D9C4EC00543354 /* CITestProject */,
				6CB0CAF223D9C4F100543354 /* CITestProjectTests */,
				6CB0CAFD23D9C4F100543354 /* CITestProjectUITests */,
				6CB0CAD723D9C4EC00543354 /* Products */,
			);
			sourceTree = "<group>";
		};
		6CB0CAD723D9C4EC00543354 /* Products */ = {
			isa = PBXGroup;
			children = (
				6CB0CAD623D9C4EC00543354 /* CITestProject.app */,
				6CB0CAEF23D9C4F100543354 /* CITestProjectTests.xctest */,
				6CB0CAFA23D9C4F100543354 /* CITestProjectUITests.xctest */,
			);
			name = Products;
			sourceTree = "<group>";
		};
		6CB0CAD823D9C4EC00543354 /* CITestProject */ = {
			isa = PBXGroup;
			children = (
				6CB0CAD923D9C4EC00543354 /* AppDelegate.swift */,
				6CB0CADB23D9C4EC00543354 /* SceneDelegate.swift */,
				6CB0CADD23D9C4EC00543354 /* ViewController.swift */,
				6CB0CADF23D9C4EC00543354 /* Main.storyboard */,
				6CB0CAE523D9C4F100543354 /* Assets.xcassets */,
				6CB0CAE723D9C4F100543354 /* LaunchScreen.storyboard */,
				6CB0CAEA23D9C4F100543354 /* Info.plist */,
				6CB0CAE223D9C4EC00543354 /* CITestProject.xcdatamodeld */,
			);
			path = CITestProject;
			sourceTree = "<group>";
		};
		6CB0CAF223D9C4F100543354 /* CITestProjectTests */ = {
			isa = PBXGroup;
			children = (
				6CB0CAF323D9C4F100543354 /* CITestProjectTests.swift */,
				6CB0CAF523D9C4F100543354 /* Info.plist */,
			);
			path = CITestProjectTests;
			sourceTree = "<group>";
		};
		6CB0CAFD23D9C4F100543354 /* CITestProjectUITests */ = {
			isa = PBXGroup;
			children = (
				6CB0CAFE23D9C4F100543354 /* CITestProjectUITests.swift */,
				6CB0CB0023D9C4F100543354 /* Info.plist */,
			);
			path = CITestProjectUITests;
			sourceTree = "<group>";
		};
/* End PBXGroup section */

/* Begin PBXNativeTarget section */
		6CB0CAD523D9C4EC00543354 /* CITestProject */ = {
			isa = PBXNativeTarget;
			buildConfigurationList = 6CB0CB0323D9C4F100543354 /* Build configuration list for PBXNativeTarget "CITestProject" */;
			buildPhases = (
				6CB0CAD223D9C4EC00543354 /* Sources */,
				6CB0CAD323D9C4EC00543354 /* Frameworks */,
				6CB0CAD423D9C4EC00543354 /* Resources */,
			);
			buildRules = (
			);
			dependencies = (
			);
			name = CITestProject;
			productName = CITestProject;
			productReference = 6CB0CAD623D9C4EC00543354 /* CITestProject.app */;
			productType = "com.apple.product-type.application";
		};
		6CB0CAEE23D9C4F100543354 /* CITestProjectTests */ = {
			isa = PBXNativeTarget;
			buildConfigurationList = 6CB0CB0623D9C4F100543354 /* Build configuration list for PBXNativeTarget "CITestProjectTests" */;
			buildPhases = (
				6CB0CAEB23D9C4F100543354 /* Sources */,
				6CB0CAEC23D9C4F100543354 /* Frameworks */,
				6CB0CAED23D9C4F100543354 /* Resources */,
			);
			buildRules = (
			);
			dependencies = (
				6CB0CAF123D9C4F100543354 /* PBXTargetDependency */,
			);
			name = CITestProjectTests;
			productName = CITestProjectTests;
			productReference = 6CB0CAEF23D9C4F100543354 /* CITestProjectTests.xctest */;
			productType = "com.apple.product-type.bundle.unit-test";
		};
		6CB0CAF923D9C4F100543354 /* CITestProjectUITests */ = {
			isa = PBXNativeTarget;
			buildConfigurationList = 6CB0CB0923D9C4F100543354 /* Build configuration list for PBXNativeTarget "CITestProjectUITests" */;
			buildPhases = (
				6CB0CAF623D9C4F100543354 /* Sources */,
				6CB0CAF723D9C4F100543354 /* Frameworks */,
				6CB0CAF823D9C4F100543354 /* Resources */,
			);
			buildRules = (
			);
			dependencies = (
				6CB0CAFC23D9C4F100543354 /* PBXTargetDependency */,
			);
			name = CITestProjectUITests;
			productName = CITestProjectUITests;
			productReference = 6CB0CAFA23D9C4F100543354 /* CITestProjectUITests.xctest */;
			productType = "com.apple.product-type.bundle.ui-testing";
		};
/* End PBXNativeTarget section */

/* Begin PBXProject section */
		6CB0CACE23D9C4EC00543354 /* Project object */ = {
			isa = PBXProject;
			attributes = {
				LastSwiftUpdateCheck = 1130;
				LastUpgradeCheck = 1130;
				ORGANIZATIONNAME = espl7052;
				TargetAttributes = {
					6CB0CAD523D9C4EC00543354 = {
						CreatedOnToolsVersion = 11.3;
					};
					6CB0CAEE23D9C4F100543354 = {
						CreatedOnToolsVersion = 11.3;
						TestTargetID = 6CB0CAD523D9C4EC00543354;
					};
					6CB0CAF923D9C4F100543354 = {
						CreatedOnToolsVersion = 11.3;
						TestTargetID = 6CB0CAD523D9C4EC00543354;
					};
				};
			};
			buildConfigurationList = 6CB0CAD123D9C4EC00543354 /* Build configuration list for PBXProject "CITestProject" */;
			compatibilityVersion = "Xcode 9.3";
			developmentRegion = en;
			hasScannedForEncodings = 0;
			knownRegions = (
				en,
				Base,
			);
			mainGroup = 6CB0CACD23D9C4EC00543354;
			productRefGroup = 6CB0CAD723D9C4EC00543354 /* Products */;
			projectDirPath = "";
			projectRoot = "";
			targets = (
				6CB0CAD523D9C4EC00543354 /* CITestProject */,
				6CB0CAEE23D9C4F100543354 /* CITestProjectTests */,
				6CB0CAF923D9C4F100543354 /* CITestProjectUITests */,
			);
		};
/* End PBXProject section */

/* Begin PBXResourcesBuildPhase section */
		6CB0CAD423D9C4EC00543354 /* Resources */ = {
			isa = PBXResourcesBuildPhase;
			buildActionMask = 2147483647;
			files = (
				6CB0CAE923D9C4F100543354 /* LaunchScreen.storyboard in Resources */,
				6CB0CAE623D9C4F100543354 /* Assets.xcassets in Resources */,
				6CB0CAE123D9C4EC00543354 /* Main.storyboard in Resources */,
			);
			runOnlyForDeploymentPostprocessing = 0;
		};
		6CB0CAED23D9C4F100543354 /* Resources */ = {
			isa = PBXResourcesBuildPhase;
			buildActionMask = 2147483647;
			files = (
			);
			runOnlyForDeploymentPostprocessing = 0;
		};
		6CB0CAF823D9C4F100543354 /* Resources */ = {
			isa = PBXResourcesBuildPhase;
			buildActionMask = 2147483647;
			files = (
			);
			runOnlyForDeploymentPostprocessing = 0;
		};
/* End PBXResourcesBuildPhase section */

/* Begin PBXSourcesBuildPhase section */
		6CB0CAD223D9C4EC00543354 /* Sources */ = {
			isa = PBXSourcesBuildPhase;
			buildActionMask = 2147483647;
			files = (
				6CB0CADE23D9C4EC00543354 /* ViewController.swift in Sources */,
				6CB0CAE423D9C4EC00543354 /* CITestProject.xcdatamodeld in Sources */,
				6CB0CADA23D9C4EC00543354 /* AppDelegate.swift in Sources */,
				6CB0CADC23D9C4EC00543354 /* SceneDelegate.swift in Sources */,
			);
			runOnlyForDeploymentPostprocessing = 0;
		};
		6CB0CAEB23D9C4F100543354 /* Sources */ = {
			isa = PBXSourcesBuildPhase;
			buildActionMask = 2147483647;
			files = (
				6CB0CAF423D9C4F100543354 /* CITestProjectTests.swift in Sources */,
			);
			runOnlyForDeploymentPostprocessing = 0;
		};
		6CB0CAF623D9C4F100543354 /* Sources */ = {
			isa = PBXSourcesBuildPhase;
			buildActionMask = 2147483647;
			files = (
				6CB0CAFF23D9C4F100543354 /* CITestProjectUITests.swift in Sources */,
			);
			runOnlyForDeploymentPostprocessing = 0;
		};
/* End PBXSourcesBuildPhase section */

/* Begin PBXTargetDependency section */
		6CB0CAF123D9C4F100543354 /* PBXTargetDependency */ = {
			isa = PBXTargetDependency;
			target = 6CB0CAD523D9C4EC00543354 /* CITestProject */;
			targetProxy = 6CB0CAF023D9C4F100543354 /* PBXContainerItemProxy */;
		};
		6CB0CAFC23D9C4F100543354 /* PBXTargetDependency */ = {
			isa = PBXTargetDependency;
			target = 6CB0CAD523D9C4EC00543354 /* CITestProject */;
			targetProxy = 6CB0CAFB23D9C4F100543354 /* PBXContainerItemProxy */;
		};
/* End PBXTargetDependency section */

/* Begin PBXVariantGroup section */
		6CB0CADF23D9C4EC00543354 /* Main.storyboard */ = {
			isa = PBXVariantGroup;
			children = (
				6CB0CAE023D9C4EC00543354 /* Base */,
			);
			name = Main.storyboard;
			sourceTree = "<group>";
		};
		6CB0CAE723D9C4F100543354 /* LaunchScreen.storyboard */ = {
			isa = PBXVariantGroup;
			children = (
				6CB0CAE823D9C4F100543354 /* Base */,
			);
			name = LaunchScreen.storyboard;
			sourceTree = "<group>";
		};
/* End PBXVariantGroup section */

/* Begin XCBuildConfiguration section */
		6CB0CB0123D9C4F100543354 /* Debug */ = {
			isa = XCBuildConfiguration;
			buildSettings = {
				ALWAYS_SEARCH_USER_PATHS = NO;
				CLANG_ANALYZER_NONNULL = YES;
				CLANG_ANALYZER_NUMBER_OBJECT_CONVERSION = YES_AGGRESSIVE;
				CLANG_CXX_LANGUAGE_STANDARD = "gnu++14";
				CLANG_CXX_LIBRARY = "libc++";
				CLANG_ENABLE_MODULES = YES;
				CLANG_ENABLE_OBJC_ARC = YES;
				CLANG_ENABLE_OBJC_WEAK = YES;
				CLANG_WARN_BLOCK_CAPTURE_AUTORELEASING = YES;
				CLANG_WARN_BOOL_CONVERSION = YES;
				CLANG_WARN_COMMA = YES;
				CLANG_WARN_CONSTANT_CONVERSION = YES;
				CLANG_WARN_DEPRECATED_OBJC_IMPLEMENTATIONS = YES;
				CLANG_WARN_DIRECT_OBJC_ISA_USAGE = YES_ERROR;
				CLANG_WARN_DOCUMENTATION_COMMENTS = YES;
				CLANG_WARN_EMPTY_BODY = YES;
				CLANG_WARN_ENUM_CONVERSION = YES;
				CLANG_WARN_INFINITE_RECURSION = YES;
				CLANG_WARN_INT_CONVERSION = YES;
				CLANG_WARN_NON_LITERAL_NULL_CONVERSION = YES;
				CLANG_WARN_OBJC_IMPLICIT_RETAIN_SELF = YES;
				CLANG_WARN_OBJC_LITERAL_CONVERSION = YES;
				CLANG_WARN_OBJC_ROOT_CLASS = YES_ERROR;
				CLANG_WARN_RANGE_LOOP_ANALYSIS = YES;
				CLANG_WARN_STRICT_PROTOTYPES = YES;
				CLANG_WARN_SUSPICIOUS_MOVE = YES;
				CLANG_WARN_UNGUARDED_AVAILABILITY = YES_AGGRESSIVE;
				CLANG_WARN_UNREACHABLE_CODE = YES;
				CLANG_WARN__DUPLICATE_METHOD_MATCH = YES;
				COPY_PHASE_STRIP = NO;
				DEBUG_INFORMATION_FORMAT = dwarf;
				ENABLE_STRICT_OBJC_MSGSEND = YES;
				ENABLE_TESTABILITY = YES;
				GCC_C_LANGUAGE_STANDARD = gnu11;
				GCC_DYNAMIC_NO_PIC = NO;
				GCC_NO_COMMON_BLOCKS = YES;
				GCC_OPTIMIZATION_LEVEL = 0;
				GCC_PREPROCESSOR_DEFINITIONS = (
					"DEBUG=1",
					"$(inherited)",
				);
				GCC_WARN_64_TO_32_BIT_CONVERSION = YES;
				GCC_WARN_ABOUT_RETURN_TYPE = YES_ERROR;
				GCC_WARN_UNDECLARED_SELECTOR = YES;
				GCC_WARN_UNINITIALIZED_AUTOS = YES_AGGRESSIVE;
				GCC_WARN_UNUSED_FUNCTION = YES;
				GCC_WARN_UNUSED_VARIABLE = YES;
				IPHONEOS_DEPLOYMENT_TARGET = 13.2;
				MTL_ENABLE_DEBUG_INFO = INCLUDE_SOURCE;
				MTL_FAST_MATH = YES;
				ONLY_ACTIVE_ARCH = YES;
				SDKROOT = iphoneos;
				SWIFT_ACTIVE_COMPILATION_CONDITIONS = DEBUG;
				SWIFT_OPTIMIZATION_LEVEL = "-Onone";
			};
			name = Debug;
		};
		6CB0CB0223D9C4F100543354 /* Release */ = {
			isa = XCBuildConfiguration;
			buildSettings = {
				ALWAYS_SEARCH_USER_PATHS = NO;
				CLANG_ANALYZER_NONNULL = YES;
				CLANG_ANALYZER_NUMBER_OBJECT_CONVERSION = YES_AGGRESSIVE;
				CLANG_CXX_LANGUAGE_STANDARD = "gnu++14";
				CLANG_CXX_LIBRARY = "libc++";
				CLANG_ENABLE_MODULES = YES;
				CLANG_ENABLE_OBJC_ARC = YES;
				CLANG_ENABLE_OBJC_WEAK = YES;
				CLANG_WARN_BLOCK_CAPTURE_AUTORELEASING = YES;
				CLANG_WARN_BOOL_CONVERSION = YES;
				CLANG_WARN_COMMA = YES;
				CLANG_WARN_CONSTANT_CONVERSION = YES;
				CLANG_WARN_DEPRECATED_OBJC_IMPLEMENTATIONS = YES;
				CLANG_WARN_DIRECT_OBJC_ISA_USAGE = YES_ERROR;
				CLANG_WARN_DOCUMENTATION_COMMENTS = YES;
				CLANG_WARN_EMPTY_BODY = YES;
				CLANG_WARN_ENUM_CONVERSION = YES;
				CLANG_WARN_INFINITE_RECURSION = YES;
				CLANG_WARN_INT_CONVERSION = YES;
				CLANG_WARN_NON_LITERAL_NULL_CONVERSION = YES;
				CLANG_WARN_OBJC_IMPLICIT_RETAIN_SELF = YES;
				CLANG_WARN_OBJC_LITERAL_CONVERSION = YES;
				CLANG_WARN_OBJC_ROOT_CLASS = YES_ERROR;
				CLANG_WARN_RANGE_LOOP_ANALYSIS = YES;
				CLANG_WARN_STRICT_PROTOTYPES = YES;
				CLANG_WARN_SUSPICIOUS_MOVE = YES;
				CLANG_WARN_UNGUARDED_AVAILABILITY = YES_AGGRESSIVE;
				CLANG_WARN_UNREACHABLE_CODE = YES;
				CLANG_WARN__DUPLICATE_METHOD_MATCH = YES;
				COPY_PHASE_STRIP = NO;
				DEBUG_INFORMATION_FORMAT = "dwarf-with-dsym";
				ENABLE_NS_ASSERTIONS = NO;
				ENABLE_STRICT_OBJC_MSGSEND = YES;
				GCC_C_LANGUAGE_STANDARD = gnu11;
				GCC_NO_COMMON_BLOCKS = YES;
				GCC_WARN_64_TO_32_BIT_CONVERSION = YES;
				GCC_WARN_ABOUT_RETURN_TYPE = YES_ERROR;
				GCC_WARN_UNDECLARED_SELECTOR = YES;
				GCC_WARN_UNINITIALIZED_AUTOS = YES_AGGRESSIVE;
				GCC_WARN_UNUSED_FUNCTION = YES;
				GCC_WARN_UNUSED_VARIABLE = YES;
				IPHONEOS_DEPLOYMENT_TARGET = 13.2;
				MTL_ENABLE_DEBUG_INFO = NO;
				MTL_FAST_MATH = YES;
				SDKROOT = iphoneos;
				SWIFT_COMPILATION_MODE = wholemodule;
				SWIFT_OPTIMIZATION_LEVEL = "-O";
				VALIDATE_PRODUCT = YES;
			};
			name = Release;
		};
		6CB0CB0423D9C4F100543354 /* Debug */ = {
			isa = XCBuildConfiguration;
			buildSettings = {
				ASSETCATALOG_COMPILER_APPICON_NAME = AppIcon;
				CODE_SIGN_STYLE = Automatic;
				DEVELOPMENT_TEAM = T4629QQ2M7;
				INFOPLIST_FILE = CITestProject/Info.plist;
				LD_RUNPATH_SEARCH_PATHS = (
					"$(inherited)",
					"@executable_path/Frameworks",
				);
				PRODUCT_BUNDLE_IDENTIFIER = EPisource.CITestProject;
				PRODUCT_NAME = "$(TARGET_NAME)";
				SWIFT_VERSION = 5.0;
				TARGETED_DEVICE_FAMILY = "1,2";
			};
			name = Debug;
		};
		6CB0CB0523D9C4F100543354 /* Release */ = {
			isa = XCBuildConfiguration;
			buildSettings = {
				ASSETCATALOG_COMPILER_APPICON_NAME = AppIcon;
				CODE_SIGN_STYLE = Automatic;
				DEVELOPMENT_TEAM = T4629QQ2M7;
				INFOPLIST_FILE = CITestProject/Info.plist;
				LD_RUNPATH_SEARCH_PATHS = (
					"$(inherited)",
					"@executable_path/Frameworks",
				);
				PRODUCT_BUNDLE_IDENTIFIER = EPisource.CITestProject;
				PRODUCT_NAME = "$(TARGET_NAME)";
				SWIFT_VERSION = 5.0;
				TARGETED_DEVICE_FAMILY = "1,2";
			};
			name = Release;
		};
		6CB0CB0723D9C4F100543354 /* Debug */ = {
			isa = XCBuildConfiguration;
			buildSettings = {
				ALWAYS_EMBED_SWIFT_STANDARD_LIBRARIES = YES;
				BUNDLE_LOADER = "$(TEST_HOST)";
				CODE_SIGN_STYLE = Automatic;
				DEVELOPMENT_TEAM = T4629QQ2M7;
				INFOPLIST_FILE = CITestProjectTests/Info.plist;
				IPHONEOS_DEPLOYMENT_TARGET = 13.2;
				LD_RUNPATH_SEARCH_PATHS = (
					"$(inherited)",
					"@executable_path/Frameworks",
					"@loader_path/Frameworks",
				);
				PRODUCT_BUNDLE_IDENTIFIER = EPisource.CITestProjectTests;
				PRODUCT_NAME = "$(TARGET_NAME)";
				SWIFT_VERSION = 5.0;
				TARGETED_DEVICE_FAMILY = "1,2";
				TEST_HOST = "$(BUILT_PRODUCTS_DIR)/CITestProject.app/CITestProject";
			};
			name = Debug;
		};
		6CB0CB0823D9C4F100543354 /* Release */ = {
			isa = XCBuildConfiguration;
			buildSettings = {
				ALWAYS_EMBED_SWIFT_STANDARD_LIBRARIES = YES;
				BUNDLE_LOADER = "$(TEST_HOST)";
				CODE_SIGN_STYLE = Automatic;
				DEVELOPMENT_TEAM = T4629QQ2M7;
				INFOPLIST_FILE = CITestProjectTests/Info.plist;
				IPHONEOS_DEPLOYMENT_TARGET = 13.2;
				LD_RUNPATH_SEARCH_PATHS = (
					"$(inherited)",
					"@executable_path/Frameworks",
					"@loader_path/Frameworks",
				);
				PRODUCT_BUNDLE_IDENTIFIER = EPisource.CITestProjectTests;
				PRODUCT_NAME = "$(TARGET_NAME)";
				SWIFT_VERSION = 5.0;
				TARGETED_DEVICE_FAMILY = "1,2";
				TEST_HOST = "$(BUILT_PRODUCTS_DIR)/CITestProject.app/CITestProject";
			};
			name = Release;
		};
		6CB0CB0A23D9C4F100543354 /* Debug */ = {
			isa = XCBuildConfiguration;
			buildSettings = {
				ALWAYS_EMBED_SWIFT_STANDARD_LIBRARIES = YES;
				CODE_SIGN_STYLE = Automatic;
				DEVELOPMENT_TEAM = T4629QQ2M7;
				INFOPLIST_FILE = CITestProjectUITests/Info.plist;
				LD_RUNPATH_SEARCH_PATHS = (
					"$(inherited)",
					"@executable_path/Frameworks",
					"@loader_path/Frameworks",
				);
				PRODUCT_BUNDLE_IDENTIFIER = EPisource.CITestProjectUITests;
				PRODUCT_NAME = "$(TARGET_NAME)";
				SWIFT_VERSION = 5.0;
				TARGETED_DEVICE_FAMILY = "1,2";
				TEST_TARGET_NAME = CITestProject;
			};
			name = Debug;
		};
		6CB0CB0B23D9C4F100543354 /* Release */ = {
			isa = XCBuildConfiguration;
			buildSettings = {
				ALWAYS_EMBED_SWIFT_STANDARD_LIBRARIES = YES;
				CODE_SIGN_STYLE = Automatic;
				DEVELOPMENT_TEAM = T4629QQ2M7;
				INFOPLIST_FILE = CITestProjectUITests/Info.plist;
				LD_RUNPATH_SEARCH_PATHS = (
					"$(inherited)",
					"@executable_path/Frameworks",
					"@loader_path/Frameworks",
				);
				PRODUCT_BUNDLE_IDENTIFIER = EPisource.CITestProjectUITests;
				PRODUCT_NAME = "$(TARGET_NAME)";
				SWIFT_VERSION = 5.0;
				TARGETED_DEVICE_FAMILY = "1,2";
				TEST_TARGET_NAME = CITestProject;
			};
			name = Release;
		};
/* End XCBuildConfiguration section */

/* Begin XCConfigurationList section */
		6CB0CAD123D9C4EC00543354 /* Build configuration list for PBXProject "CITestProject" */ = {
			isa = XCConfigurationList;
			buildConfigurations = (
				6CB0CB0123D9C4F100543354 /* Debug */,
				6CB0CB0223D9C4F100543354 /* Release */,
			);
			defaultConfigurationIsVisible = 0;
			defaultConfigurationName = Release;
		};
		6CB0CB0323D9C4F100543354 /* Build configuration list for PBXNativeTarget "CITestProject" */ = {
			isa = XCConfigurationList;
			buildConfigurations = (
				6CB0CB0423D9C4F100543354 /* Debug */,
				6CB0CB0523D9C4F100543354 /* Release */,
			);
			defaultConfigurationIsVisible = 0;
			defaultConfigurationName = Release;
		};
		6CB0CB0623D9C4F100543354 /* Build configuration list for PBXNativeTarget "CITestProjectTests" */ = {
			isa = XCConfigurationList;
			buildConfigurations = (
				6CB0CB0723D9C4F100543354 /* Debug */,
				6CB0CB0823D9C4F100543354 /* Release */,
			);
			defaultConfigurationIsVisible = 0;
			defaultConfigurationName = Release;
		};
		6CB0CB0923D9C4F100543354 /* Build configuration list for PBXNativeTarget "CITestProjectUITests" */ = {
			isa = XCConfigurationList;
			buildConfigurations = (
				6CB0CB0A23D9C4F100543354 /* Debug */,
				6CB0CB0B23D9C4F100543354 /* Release */,
			);
			defaultConfigurationIsVisible = 0;
			defaultConfigurationName = Release;
		};
/* End XCConfigurationList section */

/* Begin XCVersionGroup section */
		6CB0CAE223D9C4EC00543354 /* CITestProject.xcdatamodeld */ = {
			isa = XCVersionGroup;
			children = (
				6CB0CAE323D9C4EC00543354 /* CITestProject.xcdatamodel */,
			);
			currentVersion = 6CB0CAE323D9C4EC00543354 /* CITestProject.xcdatamodel */;
			path = CITestProject.xcdatamodeld;
			sourceTree = "<group>";
			versionGroupType = wrapper.xcdatamodel;
		};
/* End XCVersionGroup section */
	};
	rootObject = 6CB0CACE23D9C4EC00543354 /* Project object */;
}
